// !$*UTF8*$!
{
	archiveVersion = 1;
	classes = {
	};
	objectVersion = 51;
	objects = {

/* Begin PBXBuildFile section */
		3C9F9C9D0824BB4A9EFBA8C0 /* Pods_Calorie_Tracker.framework in Frameworks */ = {isa = PBXBuildFile; fileRef = 43DBD0B7A51007ACB379E9BA /* Pods_Calorie_Tracker.framework */; };
		FADA3B76240971DA00E0DB2D /* AppDelegate.swift in Sources */ = {isa = PBXBuildFile; fileRef = FADA3B75240971DA00E0DB2D /* AppDelegate.swift */; };
		FADA3B78240971DA00E0DB2D /* SceneDelegate.swift in Sources */ = {isa = PBXBuildFile; fileRef = FADA3B77240971DA00E0DB2D /* SceneDelegate.swift */; };
		FADA3B7D240971DA00E0DB2D /* Main.storyboard in Resources */ = {isa = PBXBuildFile; fileRef = FADA3B7B240971DA00E0DB2D /* Main.storyboard */; };
		FADA3B7F240971DC00E0DB2D /* Assets.xcassets in Resources */ = {isa = PBXBuildFile; fileRef = FADA3B7E240971DC00E0DB2D /* Assets.xcassets */; };
		FADA3B82240971DC00E0DB2D /* LaunchScreen.storyboard in Resources */ = {isa = PBXBuildFile; fileRef = FADA3B80240971DC00E0DB2D /* LaunchScreen.storyboard */; };
		FADA3B8E2409752600E0DB2D /* MainTableViewController.swift in Sources */ = {isa = PBXBuildFile; fileRef = FADA3B8D2409752600E0DB2D /* MainTableViewController.swift */; };
		FADA3B912409756500E0DB2D /* Tracker.xcdatamodeld in Sources */ = {isa = PBXBuildFile; fileRef = FADA3B8F2409756500E0DB2D /* Tracker.xcdatamodeld */; };
		FADA3B93240975B100E0DB2D /* CoreDataStack.swift in Sources */ = {isa = PBXBuildFile; fileRef = FADA3B92240975B100E0DB2D /* CoreDataStack.swift */; };
		FADA3B95240975CE00E0DB2D /* Tracker+Convenience.swift in Sources */ = {isa = PBXBuildFile; fileRef = FADA3B94240975CE00E0DB2D /* Tracker+Convenience.swift */; };
/* End PBXBuildFile section */

/* Begin PBXFileReference section */
		43DBD0B7A51007ACB379E9BA /* Pods_Calorie_Tracker.framework */ = {isa = PBXFileReference; explicitFileType = wrapper.framework; includeInIndex = 0; path = Pods_Calorie_Tracker.framework; sourceTree = BUILT_PRODUCTS_DIR; };
		7C2F50851F45E20A69B6B1C4 /* Pods-Calorie Tracker.debug.xcconfig */ = {isa = PBXFileReference; includeInIndex = 1; lastKnownFileType = text.xcconfig; name = "Pods-Calorie Tracker.debug.xcconfig"; path = "Target Support Files/Pods-Calorie Tracker/Pods-Calorie Tracker.debug.xcconfig"; sourceTree = "<group>"; };
		B8F9CEB67F1940F80CFC8829 /* Pods-Calorie Tracker.release.xcconfig */ = {isa = PBXFileReference; includeInIndex = 1; lastKnownFileType = text.xcconfig; name = "Pods-Calorie Tracker.release.xcconfig"; path = "Target Support Files/Pods-Calorie Tracker/Pods-Calorie Tracker.release.xcconfig"; sourceTree = "<group>"; };
		FADA3B72240971DA00E0DB2D /* Calorie Tracker.app */ = {isa = PBXFileReference; explicitFileType = wrapper.application; includeInIndex = 0; path = "Calorie Tracker.app"; sourceTree = BUILT_PRODUCTS_DIR; };
		FADA3B75240971DA00E0DB2D /* AppDelegate.swift */ = {isa = PBXFileReference; lastKnownFileType = sourcecode.swift; path = AppDelegate.swift; sourceTree = "<group>"; };
		FADA3B77240971DA00E0DB2D /* SceneDelegate.swift */ = {isa = PBXFileReference; lastKnownFileType = sourcecode.swift; path = SceneDelegate.swift; sourceTree = "<group>"; };
		FADA3B7C240971DA00E0DB2D /* Base */ = {isa = PBXFileReference; lastKnownFileType = file.storyboard; name = Base; path = Base.lproj/Main.storyboard; sourceTree = "<group>"; };
		FADA3B7E240971DC00E0DB2D /* Assets.xcassets */ = {isa = PBXFileReference; lastKnownFileType = folder.assetcatalog; path = Assets.xcassets; sourceTree = "<group>"; };
		FADA3B81240971DC00E0DB2D /* Base */ = {isa = PBXFileReference; lastKnownFileType = file.storyboard; name = Base; path = Base.lproj/LaunchScreen.storyboard; sourceTree = "<group>"; };
		FADA3B83240971DC00E0DB2D /* Info.plist */ = {isa = PBXFileReference; lastKnownFileType = text.plist.xml; path = Info.plist; sourceTree = "<group>"; };
		FADA3B8D2409752600E0DB2D /* MainTableViewController.swift */ = {isa = PBXFileReference; lastKnownFileType = sourcecode.swift; path = MainTableViewController.swift; sourceTree = "<group>"; };
		FADA3B902409756500E0DB2D /* Tracker.xcdatamodel */ = {isa = PBXFileReference; lastKnownFileType = wrapper.xcdatamodel; path = Tracker.xcdatamodel; sourceTree = "<group>"; };
		FADA3B92240975B100E0DB2D /* CoreDataStack.swift */ = {isa = PBXFileReference; lastKnownFileType = sourcecode.swift; path = CoreDataStack.swift; sourceTree = "<group>"; };
		FADA3B94240975CE00E0DB2D /* Tracker+Convenience.swift */ = {isa = PBXFileReference; lastKnownFileType = sourcecode.swift; path = "Tracker+Convenience.swift"; sourceTree = "<group>"; };
/* End PBXFileReference section */

/* Begin PBXFrameworksBuildPhase section */
		FADA3B6F240971DA00E0DB2D /* Frameworks */ = {
			isa = PBXFrameworksBuildPhase;
			buildActionMask = 2147483647;
			files = (
				3C9F9C9D0824BB4A9EFBA8C0 /* Pods_Calorie_Tracker.framework in Frameworks */,
			);
			runOnlyForDeploymentPostprocessing = 0;
		};
/* End PBXFrameworksBuildPhase section */

/* Begin PBXGroup section */
		0F21EB51996087F6936B23F5 /* Frameworks */ = {
			isa = PBXGroup;
			children = (
				43DBD0B7A51007ACB379E9BA /* Pods_Calorie_Tracker.framework */,
			);
			name = Frameworks;
			sourceTree = "<group>";
		};
		8DDDACBE472BE3698FD35FA9 /* Pods */ = {
			isa = PBXGroup;
			children = (
				7C2F50851F45E20A69B6B1C4 /* Pods-Calorie Tracker.debug.xcconfig */,
				B8F9CEB67F1940F80CFC8829 /* Pods-Calorie Tracker.release.xcconfig */,
			);
			path = Pods;
			sourceTree = "<group>";
		};
		FADA3B69240971DA00E0DB2D = {
			isa = PBXGroup;
			children = (
				FADA3B74240971DA00E0DB2D /* Calorie Tracker */,
				FADA3B73240971DA00E0DB2D /* Products */,
				8DDDACBE472BE3698FD35FA9 /* Pods */,
				0F21EB51996087F6936B23F5 /* Frameworks */,
			);
			sourceTree = "<group>";
		};
		FADA3B73240971DA00E0DB2D /* Products */ = {
			isa = PBXGroup;
			children = (
				FADA3B72240971DA00E0DB2D /* Calorie Tracker.app */,
			);
			name = Products;
			sourceTree = "<group>";
		};
		FADA3B74240971DA00E0DB2D /* Calorie Tracker */ = {
			isa = PBXGroup;
			children = (
				FADA3B8C2409732300E0DB2D /* Views */,
				FADA3B8B2409731000E0DB2D /* View Controllers */,
				FADA3B8A240972D700E0DB2D /* Core Data */,
				FADA3B89240972CD00E0DB2D /* Resources */,
				FADA3B80240971DC00E0DB2D /* LaunchScreen.storyboard */,
				FADA3B83240971DC00E0DB2D /* Info.plist */,
			);
			path = "Calorie Tracker";
			sourceTree = "<group>";
		};
		FADA3B89240972CD00E0DB2D /* Resources */ = {
			isa = PBXGroup;
			children = (
				FADA3B75240971DA00E0DB2D /* AppDelegate.swift */,
				FADA3B77240971DA00E0DB2D /* SceneDelegate.swift */,
				FADA3B7E240971DC00E0DB2D /* Assets.xcassets */,
			);
			path = Resources;
			sourceTree = "<group>";
		};
		FADA3B8A240972D700E0DB2D /* Core Data */ = {
			isa = PBXGroup;
			children = (
				FADA3B8F2409756500E0DB2D /* Tracker.xcdatamodeld */,
				FADA3B92240975B100E0DB2D /* CoreDataStack.swift */,
				FADA3B94240975CE00E0DB2D /* Tracker+Convenience.swift */,
			);
			path = "Core Data";
			sourceTree = "<group>";
		};
		FADA3B8B2409731000E0DB2D /* View Controllers */ = {
			isa = PBXGroup;
			children = (
				FADA3B8D2409752600E0DB2D /* MainTableViewController.swift */,
			);
			path = "View Controllers";
			sourceTree = "<group>";
		};
		FADA3B8C2409732300E0DB2D /* Views */ = {
			isa = PBXGroup;
			children = (
				FADA3B7B240971DA00E0DB2D /* Main.storyboard */,
			);
			path = Views;
			sourceTree = "<group>";
		};
/* End PBXGroup section */

/* Begin PBXNativeTarget section */
		FADA3B71240971DA00E0DB2D /* Calorie Tracker */ = {
			isa = PBXNativeTarget;
			buildConfigurationList = FADA3B86240971DC00E0DB2D /* Build configuration list for PBXNativeTarget "Calorie Tracker" */;
			buildPhases = (
				1967C21FC0E6C903DAD4E4E5 /* [CP] Check Pods Manifest.lock */,
				FADA3B6E240971DA00E0DB2D /* Sources */,
				FADA3B6F240971DA00E0DB2D /* Frameworks */,
				FADA3B70240971DA00E0DB2D /* Resources */,
				44DC56C3C1C78A0DF346FE5B /* [CP] Embed Pods Frameworks */,
				FADA3B9B24097EEF00E0DB2D /* ShellScript */,
			);
			buildRules = (
			);
			dependencies = (
			);
			name = "Calorie Tracker";
			productName = "Calorie Tracker";
			productReference = FADA3B72240971DA00E0DB2D /* Calorie Tracker.app */;
			productType = "com.apple.product-type.application";
		};
/* End PBXNativeTarget section */

/* Begin PBXProject section */
		FADA3B6A240971DA00E0DB2D /* Project object */ = {
			isa = PBXProject;
			attributes = {
				LastSwiftUpdateCheck = 1130;
				LastUpgradeCheck = 1130;
				ORGANIZATIONNAME = "Alexander Supe";
				TargetAttributes = {
					FADA3B71240971DA00E0DB2D = {
						CreatedOnToolsVersion = 11.3.1;
					};
				};
			};
			buildConfigurationList = FADA3B6D240971DA00E0DB2D /* Build configuration list for PBXProject "Calorie Tracker" */;
			compatibilityVersion = "Xcode 9.3";
			developmentRegion = en;
			hasScannedForEncodings = 0;
			knownRegions = (
				en,
				Base,
			);
			mainGroup = FADA3B69240971DA00E0DB2D;
			productRefGroup = FADA3B73240971DA00E0DB2D /* Products */;
			projectDirPath = "";
			projectRoot = "";
			targets = (
				FADA3B71240971DA00E0DB2D /* Calorie Tracker */,
			);
		};
/* End PBXProject section */

/* Begin PBXResourcesBuildPhase section */
		FADA3B70240971DA00E0DB2D /* Resources */ = {
			isa = PBXResourcesBuildPhase;
			buildActionMask = 2147483647;
			files = (
				FADA3B82240971DC00E0DB2D /* LaunchScreen.storyboard in Resources */,
				FADA3B7F240971DC00E0DB2D /* Assets.xcassets in Resources */,
				FADA3B7D240971DA00E0DB2D /* Main.storyboard in Resources */,
			);
			runOnlyForDeploymentPostprocessing = 0;
		};
/* End PBXResourcesBuildPhase section */

/* Begin PBXShellScriptBuildPhase section */
		1967C21FC0E6C903DAD4E4E5 /* [CP] Check Pods Manifest.lock */ = {
			isa = PBXShellScriptBuildPhase;
			buildActionMask = 2147483647;
			files = (
			);
			inputFileListPaths = (
			);
			inputPaths = (
				"${PODS_PODFILE_DIR_PATH}/Podfile.lock",
				"${PODS_ROOT}/Manifest.lock",
			);
			name = "[CP] Check Pods Manifest.lock";
			outputFileListPaths = (
			);
			outputPaths = (
				"$(DERIVED_FILE_DIR)/Pods-Calorie Tracker-checkManifestLockResult.txt",
			);
			runOnlyForDeploymentPostprocessing = 0;
			shellPath = /bin/sh;
			shellScript = "diff \"${PODS_PODFILE_DIR_PATH}/Podfile.lock\" \"${PODS_ROOT}/Manifest.lock\" > /dev/null\nif [ $? != 0 ] ; then\n    # print error to STDERR\n    echo \"error: The sandbox is not in sync with the Podfile.lock. Run 'pod install' or update your CocoaPods installation.\" >&2\n    exit 1\nfi\n# This output is used by Xcode 'outputs' to avoid re-running this script phase.\necho \"SUCCESS\" > \"${SCRIPT_OUTPUT_FILE_0}\"\n";
			showEnvVarsInLog = 0;
		};
		44DC56C3C1C78A0DF346FE5B /* [CP] Embed Pods Frameworks */ = {
			isa = PBXShellScriptBuildPhase;
			buildActionMask = 2147483647;
			files = (
			);
			inputFileListPaths = (
				"${PODS_ROOT}/Target Support Files/Pods-Calorie Tracker/Pods-Calorie Tracker-frameworks-${CONFIGURATION}-input-files.xcfilelist",
			);
			name = "[CP] Embed Pods Frameworks";
			outputFileListPaths = (
				"${PODS_ROOT}/Target Support Files/Pods-Calorie Tracker/Pods-Calorie Tracker-frameworks-${CONFIGURATION}-output-files.xcfilelist",
			);
			runOnlyForDeploymentPostprocessing = 0;
			shellPath = /bin/sh;
			shellScript = "\"${PODS_ROOT}/Target Support Files/Pods-Calorie Tracker/Pods-Calorie Tracker-frameworks.sh\"\n";
			showEnvVarsInLog = 0;
		};
		FADA3B9B24097EEF00E0DB2D /* ShellScript */ = {
			isa = PBXShellScriptBuildPhase;
			buildActionMask = 2147483647;
			files = (
			);
			inputFileListPaths = (
			);
			inputPaths = (
			);
			outputFileListPaths = (
			);
			outputPaths = (
			);
			runOnlyForDeploymentPostprocessing = 0;
			shellPath = /bin/sh;
			shellScript = "Pods/SwiftLint/swiftlint\n\n";
		};
/* End PBXShellScriptBuildPhase section */

/* Begin PBXSourcesBuildPhase section */
		FADA3B6E240971DA00E0DB2D /* Sources */ = {
			isa = PBXSourcesBuildPhase;
			buildActionMask = 2147483647;
			files = (
				FADA3B93240975B100E0DB2D /* CoreDataStack.swift in Sources */,
				FADA3B912409756500E0DB2D /* Tracker.xcdatamodeld in Sources */,
				FADA3B76240971DA00E0DB2D /* AppDelegate.swift in Sources */,
				FADA3B8E2409752600E0DB2D /* MainTableViewController.swift in Sources */,
				FADA3B95240975CE00E0DB2D /* Tracker+Convenience.swift in Sources */,
				FADA3B78240971DA00E0DB2D /* SceneDelegate.swift in Sources */,
			);
			runOnlyForDeploymentPostprocessing = 0;
		};
/* End PBXSourcesBuildPhase section */

/* Begin PBXVariantGroup section */
		FADA3B7B240971DA00E0DB2D /* Main.storyboard */ = {
			isa = PBXVariantGroup;
			children = (
				FADA3B7C240971DA00E0DB2D /* Base */,
			);
			name = Main.storyboard;
			sourceTree = "<group>";
		};
		FADA3B80240971DC00E0DB2D /* LaunchScreen.storyboard */ = {
			isa = PBXVariantGroup;
			children = (
				FADA3B81240971DC00E0DB2D /* Base */,
			);
			name = LaunchScreen.storyboard;
			sourceTree = "<group>";
		};
/* End PBXVariantGroup section */

/* Begin XCBuildConfiguration section */
		FADA3B84240971DC00E0DB2D /* Debug */ = {
			isa = XCBuildConfiguration;
			buildSettings = {
				ALWAYS_SEARCH_USER_PATHS = NO;
				CLANG_ANALYZER_NONNULL = YES;
				CLANG_ANALYZER_NUMBER_OBJECT_CONVERSION = YES_AGGRESSIVE;
				CLANG_CXX_LANGUAGE_STANDARD = "gnu++14";
				CLANG_CXX_LIBRARY = "libc++";
				CLANG_ENABLE_MODULES = YES;
				CLANG_ENABLE_OBJC_ARC = YES;
				CLANG_ENABLE_OBJC_WEAK = YES;
				CLANG_WARN_BLOCK_CAPTURE_AUTORELEASING = YES;
				CLANG_WARN_BOOL_CONVERSION = YES;
				CLANG_WARN_COMMA = YES;
				CLANG_WARN_CONSTANT_CONVERSION = YES;
				CLANG_WARN_DEPRECATED_OBJC_IMPLEMENTATIONS = YES;
				CLANG_WARN_DIRECT_OBJC_ISA_USAGE = YES_ERROR;
				CLANG_WARN_DOCUMENTATION_COMMENTS = YES;
				CLANG_WARN_EMPTY_BODY = YES;
				CLANG_WARN_ENUM_CONVERSION = YES;
				CLANG_WARN_INFINITE_RECURSION = YES;
				CLANG_WARN_INT_CONVERSION = YES;
				CLANG_WARN_NON_LITERAL_NULL_CONVERSION = YES;
				CLANG_WARN_OBJC_IMPLICIT_RETAIN_SELF = YES;
				CLANG_WARN_OBJC_LITERAL_CONVERSION = YES;
				CLANG_WARN_OBJC_ROOT_CLASS = YES_ERROR;
				CLANG_WARN_RANGE_LOOP_ANALYSIS = YES;
				CLANG_WARN_STRICT_PROTOTYPES = YES;
				CLANG_WARN_SUSPICIOUS_MOVE = YES;
				CLANG_WARN_UNGUARDED_AVAILABILITY = YES_AGGRESSIVE;
				CLANG_WARN_UNREACHABLE_CODE = YES;
				CLANG_WARN__DUPLICATE_METHOD_MATCH = YES;
				COPY_PHASE_STRIP = NO;
				DEBUG_INFORMATION_FORMAT = dwarf;
				ENABLE_STRICT_OBJC_MSGSEND = YES;
				ENABLE_TESTABILITY = YES;
				GCC_C_LANGUAGE_STANDARD = gnu11;
				GCC_DYNAMIC_NO_PIC = NO;
				GCC_NO_COMMON_BLOCKS = YES;
				GCC_OPTIMIZATION_LEVEL = 0;
				GCC_PREPROCESSOR_DEFINITIONS = (
					"DEBUG=1",
					"$(inherited)",
				);
				GCC_WARN_64_TO_32_BIT_CONVERSION = YES;
				GCC_WARN_ABOUT_RETURN_TYPE = YES_ERROR;
				GCC_WARN_UNDECLARED_SELECTOR = YES;
				GCC_WARN_UNINITIALIZED_AUTOS = YES_AGGRESSIVE;
				GCC_WARN_UNUSED_FUNCTION = YES;
				GCC_WARN_UNUSED_VARIABLE = YES;
				IPHONEOS_DEPLOYMENT_TARGET = 13.2;
				MTL_ENABLE_DEBUG_INFO = INCLUDE_SOURCE;
				MTL_FAST_MATH = YES;
				ONLY_ACTIVE_ARCH = YES;
				SDKROOT = iphoneos;
				SWIFT_ACTIVE_COMPILATION_CONDITIONS = DEBUG;
				SWIFT_OPTIMIZATION_LEVEL = "-Onone";
			};
			name = Debug;
		};
		FADA3B85240971DC00E0DB2D /* Release */ = {
			isa = XCBuildConfiguration;
			buildSettings = {
				ALWAYS_SEARCH_USER_PATHS = NO;
				CLANG_ANALYZER_NONNULL = YES;
				CLANG_ANALYZER_NUMBER_OBJECT_CONVERSION = YES_AGGRESSIVE;
				CLANG_CXX_LANGUAGE_STANDARD = "gnu++14";
				CLANG_CXX_LIBRARY = "libc++";
				CLANG_ENABLE_MODULES = YES;
				CLANG_ENABLE_OBJC_ARC = YES;
				CLANG_ENABLE_OBJC_WEAK = YES;
				CLANG_WARN_BLOCK_CAPTURE_AUTORELEASING = YES;
				CLANG_WARN_BOOL_CONVERSION = YES;
				CLANG_WARN_COMMA = YES;
				CLANG_WARN_CONSTANT_CONVERSION = YES;
				CLANG_WARN_DEPRECATED_OBJC_IMPLEMENTATIONS = YES;
				CLANG_WARN_DIRECT_OBJC_ISA_USAGE = YES_ERROR;
				CLANG_WARN_DOCUMENTATION_COMMENTS = YES;
				CLANG_WARN_EMPTY_BODY = YES;
				CLANG_WARN_ENUM_CONVERSION = YES;
				CLANG_WARN_INFINITE_RECURSION = YES;
				CLANG_WARN_INT_CONVERSION = YES;
				CLANG_WARN_NON_LITERAL_NULL_CONVERSION = YES;
				CLANG_WARN_OBJC_IMPLICIT_RETAIN_SELF = YES;
				CLANG_WARN_OBJC_LITERAL_CONVERSION = YES;
				CLANG_WARN_OBJC_ROOT_CLASS = YES_ERROR;
				CLANG_WARN_RANGE_LOOP_ANALYSIS = YES;
				CLANG_WARN_STRICT_PROTOTYPES = YES;
				CLANG_WARN_SUSPICIOUS_MOVE = YES;
				CLANG_WARN_UNGUARDED_AVAILABILITY = YES_AGGRESSIVE;
				CLANG_WARN_UNREACHABLE_CODE = YES;
				CLANG_WARN__DUPLICATE_METHOD_MATCH = YES;
				COPY_PHASE_STRIP = NO;
				DEBUG_INFORMATION_FORMAT = "dwarf-with-dsym";
				ENABLE_NS_ASSERTIONS = NO;
				ENABLE_STRICT_OBJC_MSGSEND = YES;
				GCC_C_LANGUAGE_STANDARD = gnu11;
				GCC_NO_COMMON_BLOCKS = YES;
				GCC_WARN_64_TO_32_BIT_CONVERSION = YES;
				GCC_WARN_ABOUT_RETURN_TYPE = YES_ERROR;
				GCC_WARN_UNDECLARED_SELECTOR = YES;
				GCC_WARN_UNINITIALIZED_AUTOS = YES_AGGRESSIVE;
				GCC_WARN_UNUSED_FUNCTION = YES;
				GCC_WARN_UNUSED_VARIABLE = YES;
				IPHONEOS_DEPLOYMENT_TARGET = 13.2;
				MTL_ENABLE_DEBUG_INFO = NO;
				MTL_FAST_MATH = YES;
				SDKROOT = iphoneos;
				SWIFT_COMPILATION_MODE = wholemodule;
				SWIFT_OPTIMIZATION_LEVEL = "-O";
				VALIDATE_PRODUCT = YES;
			};
			name = Release;
		};
		FADA3B87240971DC00E0DB2D /* Debug */ = {
			isa = XCBuildConfiguration;
			baseConfigurationReference = 7C2F50851F45E20A69B6B1C4 /* Pods-Calorie Tracker.debug.xcconfig */;
			buildSettings = {
				ASSETCATALOG_COMPILER_APPICON_NAME = AppIcon;
				CODE_SIGN_STYLE = Automatic;
				DEVELOPMENT_TEAM = W3345P6L7S;
				INFOPLIST_FILE = "Calorie Tracker/Info.plist";
				LD_RUNPATH_SEARCH_PATHS = (
					"$(inherited)",
					"@executable_path/Frameworks",
				);
				PRODUCT_BUNDLE_IDENTIFIER = "com.alex.Calorie-Tracker";
				PRODUCT_NAME = "$(TARGET_NAME)";
				SWIFT_VERSION = 5.0;
				TARGETED_DEVICE_FAMILY = "1,2";
			};
			name = Debug;
		};
		FADA3B88240971DC00E0DB2D /* Release */ = {
			isa = XCBuildConfiguration;
			baseConfigurationReference = B8F9CEB67F1940F80CFC8829 /* Pods-Calorie Tracker.release.xcconfig */;
			buildSettings = {
				ASSETCATALOG_COMPILER_APPICON_NAME = AppIcon;
				CODE_SIGN_STYLE = Automatic;
				DEVELOPMENT_TEAM = W3345P6L7S;
				INFOPLIST_FILE = "Calorie Tracker/Info.plist";
				LD_RUNPATH_SEARCH_PATHS = (
					"$(inherited)",
					"@executable_path/Frameworks",
				);
				PRODUCT_BUNDLE_IDENTIFIER = "com.alex.Calorie-Tracker";
				PRODUCT_NAME = "$(TARGET_NAME)";
				SWIFT_VERSION = 5.0;
				TARGETED_DEVICE_FAMILY = "1,2";
			};
			name = Release;
		};
/* End XCBuildConfiguration section */

/* Begin XCConfigurationList section */
		FADA3B6D240971DA00E0DB2D /* Build configuration list for PBXProject "Calorie Tracker" */ = {
			isa = XCConfigurationList;
			buildConfigurations = (
				FADA3B84240971DC00E0DB2D /* Debug */,
				FADA3B85240971DC00E0DB2D /* Release */,
			);
			defaultConfigurationIsVisible = 0;
			defaultConfigurationName = Release;
		};
		FADA3B86240971DC00E0DB2D /* Build configuration list for PBXNativeTarget "Calorie Tracker" */ = {
			isa = XCConfigurationList;
			buildConfigurations = (
				FADA3B87240971DC00E0DB2D /* Debug */,
				FADA3B88240971DC00E0DB2D /* Release */,
			);
			defaultConfigurationIsVisible = 0;
			defaultConfigurationName = Release;
		};
/* End XCConfigurationList section */

/* Begin XCVersionGroup section */
		FADA3B8F2409756500E0DB2D /* Tracker.xcdatamodeld */ = {
			isa = XCVersionGroup;
			children = (
				FADA3B902409756500E0DB2D /* Tracker.xcdatamodel */,
			);
			currentVersion = FADA3B902409756500E0DB2D /* Tracker.xcdatamodel */;
			path = Tracker.xcdatamodeld;
			sourceTree = "<group>";
			versionGroupType = wrapper.xcdatamodel;
		};
/* End XCVersionGroup section */
	};
	rootObject = FADA3B6A240971DA00E0DB2D /* Project object */;
}
